// !$*UTF8*$!
{ archiveVersion = 1; classes = {}; objectVersion = 56; objects = {
8D25F7493F8B5BE951AA8D66 = { isa = PBXFileReference; lastKnownFileType = sourcecode.swift; path = "Browser.swift"; sourceTree = "<group>"; };
CEAA086255661D3F14CF844C = { isa = PBXBuildFile; fileRef = 8D25F7493F8B5BE951AA8D66; };
47834A1D7CEBA1F1D63E0ADD = { isa = PBXFileReference; lastKnownFileType = sourcecode.swift; path = "CodexLinkApp.swift"; sourceTree = "<group>"; };
291582020A963667E93370DC = { isa = PBXBuildFile; fileRef = 47834A1D7CEBA1F1D63E0ADD; };
EDCE52AFE93F00BDC5EBD0F5 = { isa = PBXFileReference; lastKnownFileType = sourcecode.swift; path = "Connection.swift"; sourceTree = "<group>"; };
D3E2C3F1727BDCA9B5C18364 = { isa = PBXBuildFile; fileRef = EDCE52AFE93F00BDC5EBD0F5; };
8D9C819D193BF6888F01428B = { isa = PBXFileReference; lastKnownFileType = sourcecode.swift; path = "Discovery.swift"; sourceTree = "<group>"; };
428E29558095D7DB443DDF14 = { isa = PBXBuildFile; fileRef = 8D9C819D193BF6888F01428B; };
4A24497594453FA67F48BB49 = { isa = PBXFileReference; lastKnownFileType = sourcecode.swift; path = "SmokeMain.swift"; sourceTree = "<group>"; };
6A988D629F746CAB4A63D84A = { isa = PBXBuildFile; fileRef = 4A24497594453FA67F48BB49; };
70BDC119B4E700D0CA444FBE = { isa = PBXFileReference; lastKnownFileType = sourcecode.swift; path = "Transport.swift"; sourceTree = "<group>"; };
BD87C3EAE886DA98028F881A = { isa = PBXBuildFile; fileRef = 70BDC119B4E700D0CA444FBE; };
A172CEDCAE47474B615C54D5 = { isa = PBXFileReference; explicitFileType = wrapper.application; path = CodexLink.app; sourceTree = BUILT_PRODUCTS_DIR; };
8BF729FFE074CAEE622C0292 = { isa = PBXFileReference; lastKnownFileType = folder.assetcatalog; path = Assets.xcassets; sourceTree = "<group>"; };
214FAD66617094FC1E2341C1 = { isa = PBXBuildFile; fileRef = 8BF729FFE074CAEE622C0292; };
F810A3947224DC074E90BB0D = { isa = PBXGroup; path = CodexLink; sourceTree = "<group>"; children = (8D25F7493F8B5BE951AA8D66,47834A1D7CEBA1F1D63E0ADD,EDCE52AFE93F00BDC5EBD0F5,8D9C819D193BF6888F01428B,4A24497594453FA67F48BB49,70BDC119B4E700D0CA444FBE,8BF729FFE074CAEE622C0292,); };
0A3E27B8CA818264D75C8D81 = { isa = PBXGroup; name = Products; sourceTree = "<group>"; children = (A172CEDCAE47474B615C54D5,); };
0D6E4079E36703EBD37C0072 = { isa = PBXGroup; sourceTree = "<group>"; children = (F810A3947224DC074E90BB0D,0A3E27B8CA818264D75C8D81,); };
878A52FC5FF6A57D50B7B870 = { isa = PBXSourcesBuildPhase; buildActionMask = 2147483647; files = (CEAA086255661D3F14CF844C,291582020A963667E93370DC,D3E2C3F1727BDCA9B5C18364,428E29558095D7DB443DDF14,6A988D629F746CAB4A63D84A,BD87C3EAE886DA98028F881A,); runOnlyForDeploymentPostprocessing = 0; };
41D311A605520FC7B8B9A980 = { isa = PBXResourcesBuildPhase; buildActionMask = 2147483647; files = (214FAD66617094FC1E2341C1,); runOnlyForDeploymentPostprocessing = 0; };
E2AA269EB967A8853A258BFA = { isa = PBXFrameworksBuildPhase; buildActionMask = 2147483647; files = (); runOnlyForDeploymentPostprocessing = 0; };
73EBF6644258C120893E685D = { isa = XCBuildConfiguration; name = Debug; buildSettings = { SDKROOT = iphoneos; IPHONEOS_DEPLOYMENT_TARGET = 16.0; CLANG_ENABLE_MODULES = YES; SWIFT_VERSION = 5.0; }; };
6C7EFF6369083C8E1F2B1994 = { isa = XCBuildConfiguration; name = Debug; buildSettings = {
            PRODUCT_NAME = CodexLink; PRODUCT_BUNDLE_IDENTIFIER = local.codex.link;
            INFOPLIST_FILE = CodexLink/Info.plist; GENERATE_INFOPLIST_FILE = NO;
            TARGETED_DEVICE_FAMILY = "1,2"; CODE_SIGN_STYLE = Automatic;
            SWIFT_VERSION = 5.0; IPHONEOS_DEPLOYMENT_TARGET = 16.0;
            SWIFT_OPTIMIZATION_LEVEL = -Onone;
            ENABLE_USER_SCRIPT_SANDBOXING = YES;
            ASSETCATALOG_COMPILER_APPICON_NAME = AppIcon;
            LD_RUNPATH_SEARCH_PATHS = "$(inherited) @executable_path/Frameworks";
        }; };
0B0C687DF8B6B8DC790B519C = { isa = XCBuildConfiguration; name = Release; buildSettings = { SDKROOT = iphoneos; IPHONEOS_DEPLOYMENT_TARGET = 16.0; CLANG_ENABLE_MODULES = YES; SWIFT_VERSION = 5.0; }; };
DD75E2CB1C510A828AC72D96 = { isa = XCBuildConfiguration; name = Release; buildSettings = {
            PRODUCT_NAME = CodexLink; PRODUCT_BUNDLE_IDENTIFIER = local.codex.link;
            INFOPLIST_FILE = CodexLink/Info.plist; GENERATE_INFOPLIST_FILE = NO;
            TARGETED_DEVICE_FAMILY = "1,2"; CODE_SIGN_STYLE = Automatic;
            SWIFT_VERSION = 5.0; IPHONEOS_DEPLOYMENT_TARGET = 16.0;
            SWIFT_OPTIMIZATION_LEVEL = -O;
            ENABLE_USER_SCRIPT_SANDBOXING = YES;
            ASSETCATALOG_COMPILER_APPICON_NAME = AppIcon;
            LD_RUNPATH_SEARCH_PATHS = "$(inherited) @executable_path/Frameworks";
        }; };
76F8DEC3DFE0BDB465198890 = { isa = XCConfigurationList; buildConfigurations = (73EBF6644258C120893E685D,0B0C687DF8B6B8DC790B519C,); defaultConfigurationIsVisible = 0; defaultConfigurationName = Release; };
1B672BF3DA427763BF644BE3 = { isa = XCConfigurationList; buildConfigurations = (6C7EFF6369083C8E1F2B1994,DD75E2CB1C510A828AC72D96,); defaultConfigurationIsVisible = 0; defaultConfigurationName = Release; };
34A04005BCAF206EEC990BD9 = { isa = PBXNativeTarget; name = "codex-link"; productName = CodexLink;
        productType = "com.apple.product-type.application"; productReference = A172CEDCAE47474B615C54D5;
        buildConfigurationList = 1B672BF3DA427763BF644BE3;
        buildPhases = (878A52FC5FF6A57D50B7B870,E2AA269EB967A8853A258BFA,41D311A605520FC7B8B9A980,);
        buildRules = (); dependencies = (); };
244210E48437B6556980A702 = { isa = PBXProject; attributes = { LastUpgradeCheck = 1520; };
        buildConfigurationList = 76F8DEC3DFE0BDB465198890; compatibilityVersion = "Xcode 14.0";
        developmentRegion = zh_CN; hasScannedForEncodings = 0; knownRegions = (zh_CN,en,Base,);
        mainGroup = 0D6E4079E36703EBD37C0072; productRefGroup = 0A3E27B8CA818264D75C8D81;
        projectDirPath = ""; projectRoot = ""; targets = (34A04005BCAF206EEC990BD9,); };
}; rootObject = 244210E48437B6556980A702; }
